// !$*UTF8*$!
{
	archiveVersion = 1;
	classes = {
	};
	objectVersion = 46;
	objects = {

/* Begin PBXBuildFile section */
		443EF6871BFCA4C00083BEF2 /* main.cpp in Sources */ = {isa = PBXBuildFile; fileRef = 443EF6861BFCA4C00083BEF2 /* main.cpp */; };
/* End PBXBuildFile section */

/* Begin PBXCopyFilesBuildPhase section */
		443EF6811BFCA4C00083BEF2 /* CopyFiles */ = {
			isa = PBXCopyFilesBuildPhase;
			buildActionMask = 2147483647;
			dstPath = /usr/share/man/man1/;
			dstSubfolderSpec = 0;
			files = (
			);
			runOnlyForDeploymentPostprocessing = 1;
		};
/* End PBXCopyFilesBuildPhase section */

/* Begin PBXFileReference section */
		443EF6831BFCA4C00083BEF2 /* 20141105042HYB */ = {isa = PBXFileReference; explicitFileType = "compiled.mach-o.executable"; includeInIndex = 0; path = 20141105042HYB; sourceTree = BUILT_PRODUCTS_DIR; };
		443EF6861BFCA4C00083BEF2 /* main.cpp */ = {isa = PBXFileReference; lastKnownFileType = sourcecode.cpp.cpp; path = main.cpp; sourceTree = "<group>"; };
/* End PBXFileReference section */

/* Begin PBXFrameworksBuildPhase section */
		443EF6801BFCA4C00083BEF2 /* Frameworks */ = {
			isa = PBXFrameworksBuildPhase;
			buildActionMask = 2147483647;
			files = (
			);
			runOnlyForDeploymentPostprocessing = 0;
		};
/* End PBXFrameworksBuildPhase section */

/* Begin PBXGroup section */
		443EF67A1BFCA4C00083BEF2 = {
			isa = PBXGroup;
			children = (
				443EF6851BFCA4C00083BEF2 /* 20141105042HYB */,
				443EF6841BFCA4C00083BEF2 /* Products */,
			);
			sourceTree = "<group>";
		};
		443EF6841BFCA4C00083BEF2 /* Products */ = {
			isa = PBXGroup;
			children = (
				443EF6831BFCA4C00083BEF2 /* 20141105042HYB */,
			);
			name = Products;
			sourceTree = "<group>";
		};
		443EF6851BFCA4C00083BEF2 /* 20141105042HYB */ = {
			isa = PBXGroup;
			children = (
				443EF6861BFCA4C00083BEF2 /* main.cpp */,
			);
			path = 20141105042HYB;
			sourceTree = "<group>";
		};
/* End PBXGroup section */

/* Begin PBXNativeTarget section */
		443EF6821BFCA4C00083BEF2 /* 20141105042HYB */ = {
			isa = PBXNativeTarget;
			buildConfigurationList = 443EF68A1BFCA4C00083BEF2 /* Build configuration list for PBXNativeTarget "20141105042HYB" */;
			buildPhases = (
				443EF67F1BFCA4C00083BEF2 /* Sources */,
				443EF6801BFCA4C00083BEF2 /* Frameworks */,
				443EF6811BFCA4C00083BEF2 /* CopyFiles */,
			);
			buildRules = (
			);
			dependencies = (
			);
			name = 20141105042HYB;
			productName = 20141105042HYB;
			productReference = 443EF6831BFCA4C00083BEF2 /* 20141105042HYB */;
			productType = "com.apple.product-type.tool";
		};
/* End PBXNativeTarget section */

/* Begin PBXProject section */
		443EF67B1BFCA4C00083BEF2 /* Project object */ = {
			isa = PBXProject;
			attributes = {
				LastUpgradeCheck = 0630;
				ORGANIZATIONNAME = 20141105042HYB;
				TargetAttributes = {
					443EF6821BFCA4C00083BEF2 = {
						CreatedOnToolsVersion = 6.3;
					};
				};
			};
			buildConfigurationList = 443EF67E1BFCA4C00083BEF2 /* Build configuration list for PBXProject "20141105042HYB" */;
			compatibilityVersion = "Xcode 3.2";
			developmentRegion = English;
			hasScannedForEncodings = 0;
			knownRegions = (
				en,
			);
			mainGroup = 443EF67A1BFCA4C00083BEF2;
			productRefGroup = 443EF6841BFCA4C00083BEF2 /* Products */;
			projectDirPath = "";
			projectRoot = "";
			targets = (
				443EF6821BFCA4C00083BEF2 /* 20141105042HYB */,
			);
		};
/* End PBXProject section */

/* Begin PBXSourcesBuildPhase section */
		443EF67F1BFCA4C00083BEF2 /* Sources */ = {
			isa = PBXSourcesBuildPhase;
			buildActionMask = 2147483647;
			files = (
				443EF6871BFCA4C00083BEF2 /* main.cpp in Sources */,
			);
			runOnlyForDeploymentPostprocessing = 0;
		};
/* End PBXSourcesBuildPhase section */

/* Begin XCBuildConfiguration section */
		443EF6881BFCA4C00083BEF2 /* Debug */ = {
			isa = XCBuildConfiguration;
			buildSettings = {
				ALWAYS_SEARCH_USER_PATHS = NO;
				CLANG_CXX_LANGUAGE_STANDARD = "gnu++0x";
				CLANG_CXX_LIBRARY = "libc++";
				CLANG_ENABLE_MODULES = YES;
				CLANG_ENABLE_OBJC_ARC = YES;
				CLANG_WARN_BOOL_CONVERSION = YES;
				CLANG_WARN_CONSTANT_CONVERSION = YES;
				CLANG_WARN_DIRECT_OBJC_ISA_USAGE = YES_ERROR;
				CLANG_WARN_EMPTY_BODY = YES;
				CLANG_WARN_ENUM_CONVERSION = YES;
				CLANG_WARN_INT_CONVERSION = YES;
				CLANG_WARN_OBJC_ROOT_CLASS = YES_ERROR;
				CLANG_WARN_UNREACHABLE_CODE = YES;
				CLANG_WARN__DUPLICATE_METHOD_MATCH = YES;
				COPY_PHASE_STRIP = NO;
				DEBUG_INFORMATION_FORMAT = dwarf;
				ENABLE_STRICT_OBJC_MSGSEND = YES;
				GCC_C_LANGUAGE_STANDARD = gnu99;
				GCC_DYNAMIC_NO_PIC = NO;
				GCC_NO_COMMON_BLOCKS = YES;
				GCC_OPTIMIZATION_LEVEL = 0;
				GCC_PREPROCESSOR_DEFINITIONS = (
					"DEBUG=1",
					"$(inherited)",
				);
				GCC_SYMBOLS_PRIVATE_EXTERN = NO;
				GCC_WARN_64_TO_32_BIT_CONVERSION = YES;
				GCC_WARN_ABOUT_RETURN_TYPE = YES_ERROR;
				GCC_WARN_UNDECLARED_SELECTOR = YES;
				GCC_WARN_UNINITIALIZED_AUTOS = YES_AGGRESSIVE;
				GCC_WARN_UNUSED_FUNCTION = YES;
				GCC_WARN_UNUSED_VARIABLE = YES;
				MACOSX_DEPLOYMENT_TARGET = 10.11;
				MTL_ENABLE_DEBUG_INFO = YES;
				ONLY_ACTIVE_ARCH = YES;
				SDKROOT = macosx;
			};
			name = Debug;
		};
		443EF6891BFCA4C00083BEF2 /* Release */ = {
			isa = XCBuildConfiguration;
			buildSettings = {
				ALWAYS_SEARCH_USER_PATHS = NO;
				CLANG_CXX_LANGUAGE_STANDARD = "gnu++0x";
				CLANG_CXX_LIBRARY = "libc++";
				CLANG_ENABLE_MODULES = YES;
				CLANG_ENABLE_OBJC_ARC = YES;
				CLANG_WARN_BOOL_CONVERSION = YES;
				CLANG_WARN_CONSTANT_CONVERSION = YES;
				CLANG_WARN_DIRECT_OBJC_ISA_USAGE = YES_ERROR;
				CLANG_WARN_EMPTY_BODY = YES;
				CLANG_WARN_ENUM_CONVERSION = YES;
				CLANG_WARN_INT_CONVERSION = YES;
				CLANG_WARN_OBJC_ROOT_CLASS = YES_ERROR;
				CLANG_WARN_UNREACHABLE_CODE = YES;
				CLANG_WARN__DUPLICATE_METHOD_MATCH = YES;
				COPY_PHASE_STRIP = NO;
				DEBUG_INFORMATION_FORMAT = "dwarf-with-dsym";
				ENABLE_NS_ASSERTIONS = NO;
				ENABLE_STRICT_OBJC_MSGSEND = YES;
				GCC_C_LANGUAGE_STANDARD = gnu99;
				GCC_NO_COMMON_BLOCKS = YES;
				GCC_WARN_64_TO_32_BIT_CONVERSION = YES;
				GCC_WARN_ABOUT_RETURN_TYPE = YES_ERROR;
				GCC_WARN_UNDECLARED_SELECTOR = YES;
				GCC_WARN_UNINITIALIZED_AUTOS = YES_AGGRESSIVE;
				GCC_WARN_UNUSED_FUNCTION = YES;
				GCC_WARN_UNUSED_VARIABLE = YES;
				MACOSX_DEPLOYMENT_TARGET = 10.11;
				MTL_ENABLE_DEBUG_INFO = NO;
				SDKROOT = macosx;
			};
			name = Release;
		};
		443EF68B1BFCA4C00083BEF2 /* Debug */ = {
			isa = XCBuildConfiguration;
			buildSettings = {
				PRODUCT_NAME = "$(TARGET_NAME)";
			};
			name = Debug;
		};
		443EF68C1BFCA4C00083BEF2 /* Release */ = {
			isa = XCBuildConfiguration;
			buildSettings = {
				PRODUCT_NAME = "$(TARGET_NAME)";
			};
			name = Release;
		};
/* End XCBuildConfiguration section */

/* Begin XCConfigurationList section */
		443EF67E1BFCA4C00083BEF2 /* Build configuration list for PBXProject "20141105042HYB" */ = {
			isa = XCConfigurationList;
			buildConfigurations = (
				443EF6881BFCA4C00083BEF2 /* Debug */,
				443EF6891BFCA4C00083BEF2 /* Release */,
			);
			defaultConfigurationIsVisible = 0;
			defaultConfigurationName = Release;
		};
		443EF68A1BFCA4C00083BEF2 /* Build configuration list for PBXNativeTarget "20141105042HYB" */ = {
			isa = XCConfigurationList;
			buildConfigurations = (
				443EF68B1BFCA4C00083BEF2 /* Debug */,
				443EF68C1BFCA4C00083BEF2 /* Release */,
			);
			defaultConfigurationIsVisible = 0;
		};
/* End XCConfigurationList section */
	};
	rootObject = 443EF67B1BFCA4C00083BEF2 /* Project object */;
}
